
Microsoft Visual Studio Solution File, Format Version 12.00
# Visual Studio Version 17
VisualStudioVersion = 17.13.36105.23
MinimumVisualStudioVersion = 10.0.40219.1
Project("{FAE04EC0-301F-11D3-BF4B-00C04F79EFBC}") = "ReteCore", "ReteCore\ReteCore.csproj", "{FD617D84-5CC6-4221-A20A-61630A8B4217}"
EndProject
Project("{FAE04EC0-301F-11D3-BF4B-00C04F79EFBC}") = "ReteProgram", "ReteProgram\ReteProgram.csproj", "{0D2CE3CA-28AB-4F3F-A051-294A5BC67759}"
EndProject
Global
	GlobalSection(SolutionConfigurationPlatforms) = preSolution
		Debug|Any CPU = Debug|Any CPU
		Release|Any CPU = Release|Any CPU
	EndGlobalSection
	GlobalSection(ProjectConfigurationPlatforms) = postSolution
		{FD617D84-5CC6-4221-A20A-61630A8B4217}.Debug|Any CPU.ActiveCfg = Debug|Any CPU
		{FD617D84-5CC6-4221-A20A-61630A8B4217}.Debug|Any CPU.Build.0 = Debug|Any CPU
		{FD617D84-5CC6-4221-A20A-61630A8B4217}.Release|Any CPU.ActiveCfg = Release|Any CPU
		{FD617D84-5CC6-4221-A20A-61630A8B4217}.Release|Any CPU.Build.0 = Release|Any CPU
		{0D2CE3CA-28AB-4F3F-A051-294A5BC67759}.Debug|Any CPU.ActiveCfg = Debug|Any CPU
		{0D2CE3CA-28AB-4F3F-A051-294A5BC67759}.Debug|Any CPU.Build.0 = Debug|Any CPU
		{0D2CE3CA-28AB-4F3F-A051-294A5BC67759}.Release|Any CPU.ActiveCfg = Release|Any CPU
		{0D2CE3CA-28AB-4F3F-A051-294A5BC67759}.Release|Any CPU.Build.0 = Release|Any CPU
	EndGlobalSection
	GlobalSection(SolutionProperties) = preSolution
		HideSolutionNode = FALSE
	EndGlobalSection
	GlobalSection(ExtensibilityGlobals) = postSolution
		SolutionGuid = {B93BEF12-78CD-465D-B2AA-CD4DA750BEAC}
	EndGlobalSection
EndGlobal
